
Microsoft Visual Studio Solution File, Format Version 12.00
# Visual Studio Version 17
VisualStudioVersion = 17.9.34616.47
MinimumVisualStudioVersion = 10.0.40219.1
Project("{FAE04EC0-301F-11D3-BF4B-00C04F79EFBC}") = "MauiMypp", "MauiMypp.csproj", "{BA5B566D-0785-4040-9D78-2D8F4EA3B3D6}"
EndProject
Global
	GlobalSection(SolutionConfigurationPlatforms) = preSolution
		Debug|Any CPU = Debug|Any CPU
		Release|Any CPU = Release|Any CPU
	EndGlobalSection
	GlobalSection(ProjectConfigurationPlatforms) = postSolution
		{BA5B566D-0785-4040-9D78-2D8F4EA3B3D6}.Debug|Any CPU.ActiveCfg = Debug|Any CPU
		{BA5B566D-0785-4040-9D78-2D8F4EA3B3D6}.Debug|Any CPU.Build.0 = Debug|Any CPU
		{BA5B566D-0785-4040-9D78-2D8F4EA3B3D6}.Debug|Any CPU.Deploy.0 = Debug|Any CPU
		{BA5B566D-0785-4040-9D78-2D8F4EA3B3D6}.Release|Any CPU.ActiveCfg = Release|Any CPU
		{BA5B566D-0785-4040-9D78-2D8F4EA3B3D6}.Release|Any CPU.Build.0 = Release|Any CPU
		{BA5B566D-0785-4040-9D78-2D8F4EA3B3D6}.Release|Any CPU.Deploy.0 = Release|Any CPU
	EndGlobalSection
	GlobalSection(SolutionProperties) = preSolution
		HideSolutionNode = FALSE
	EndGlobalSection
	GlobalSection(ExtensibilityGlobals) = postSolution
		SolutionGuid = {84535752-ACFF-424A-BEC7-0C754BD09CE6}
	EndGlobalSection
EndGlobal
